
Microsoft Visual Studio Solution File, Format Version 12.00
# Visual Studio Version 17
VisualStudioVersion = 17.0.32112.339
MinimumVisualStudioVersion = 10.0.40219.1
Project("{FAE04EC0-301F-11D3-BF4B-00C04F79EFBC}") = "Mailer", "Mailer\Mailer.csproj", "{AA4AB8EB-2D41-41CA-B026-72680126DBF4}"
EndProject
Global
	GlobalSection(SolutionConfigurationPlatforms) = preSolution
		Debug|Any CPU = Debug|Any CPU
		Release|Any CPU = Release|Any CPU
	EndGlobalSection
	GlobalSection(ProjectConfigurationPlatforms) = postSolution
		{AA4AB8EB-2D41-41CA-B026-72680126DBF4}.Debug|Any CPU.ActiveCfg = Debug|Any CPU
		{AA4AB8EB-2D41-41CA-B026-72680126DBF4}.Debug|Any CPU.Build.0 = Debug|Any CPU
		{AA4AB8EB-2D41-41CA-B026-72680126DBF4}.Release|Any CPU.ActiveCfg = Release|Any CPU
		{AA4AB8EB-2D41-41CA-B026-72680126DBF4}.Release|Any CPU.Build.0 = Release|Any CPU
	EndGlobalSection
	GlobalSection(SolutionProperties) = preSolution
		HideSolutionNode = FALSE
	EndGlobalSection
	GlobalSection(ExtensibilityGlobals) = postSolution
		SolutionGuid = {98B8BC91-7C7D-4018-8718-BE8A615A8B39}
	EndGlobalSection
EndGlobal
